
Microsoft Visual Studio Solution File, Format Version 12.00
# Visual Studio Version 17
VisualStudioVersion = 17.7.34018.315
MinimumVisualStudioVersion = 10.0.40219.1
Project("{FAE04EC0-301F-11D3-BF4B-00C04F79EFBC}") = "Uppgift_5.A11", "Uppgift_5.A11\Uppgift_5.A11.csproj", "{041AA442-CF6E-409E-ACCF-49F68F364BB1}"
EndProject
Global
	GlobalSection(SolutionConfigurationPlatforms) = preSolution
		Debug|Any CPU = Debug|Any CPU
		Release|Any CPU = Release|Any CPU
	EndGlobalSection
	GlobalSection(ProjectConfigurationPlatforms) = postSolution
		{041AA442-CF6E-409E-ACCF-49F68F364BB1}.Debug|Any CPU.ActiveCfg = Debug|Any CPU
		{041AA442-CF6E-409E-ACCF-49F68F364BB1}.Debug|Any CPU.Build.0 = Debug|Any CPU
		{041AA442-CF6E-409E-ACCF-49F68F364BB1}.Release|Any CPU.ActiveCfg = Release|Any CPU
		{041AA442-CF6E-409E-ACCF-49F68F364BB1}.Release|Any CPU.Build.0 = Release|Any CPU
	EndGlobalSection
	GlobalSection(SolutionProperties) = preSolution
		HideSolutionNode = FALSE
	EndGlobalSection
	GlobalSection(ExtensibilityGlobals) = postSolution
		SolutionGuid = {5324DB42-767A-42D9-8BCE-B44EA33AF185}
	EndGlobalSection
EndGlobal
